
Microsoft Visual Studio Solution File, Format Version 12.00
# Visual Studio Version 17
VisualStudioVersion = 17.1.32407.343
MinimumVisualStudioVersion = 10.0.40219.1
Project("{9A19103F-16F7-4668-BE54-9A1E7A4F7556}") = "Camber", "src\Camber\Camber.csproj", "{23BBAB73-5A3B-4EE8-A757-A1F37C67AB1F}"
EndProject
Project("{9A19103F-16F7-4668-BE54-9A1E7A4F7556}") = "CamberUI", "src\CamberUI\CamberUI.csproj", "{1BC882EB-92D5-43DE-BB73-C910DCC78729}"
EndProject
Project("{9A19103F-16F7-4668-BE54-9A1E7A4F7556}") = "Runner", "src\Runner\Runner.csproj", "{40538D09-C695-48EE-890C-0DDFCCB362D9}"
	ProjectSection(ProjectDependencies) = postProject
		{1BC882EB-92D5-43DE-BB73-C910DCC78729} = {1BC882EB-92D5-43DE-BB73-C910DCC78729}
		{23BBAB73-5A3B-4EE8-A757-A1F37C67AB1F} = {23BBAB73-5A3B-4EE8-A757-A1F37C67AB1F}
	EndProjectSection
EndProject
Global
	GlobalSection(SolutionConfigurationPlatforms) = preSolution
		Debug|Any CPU = Debug|Any CPU
		Release|Any CPU = Release|Any CPU
	EndGlobalSection
	GlobalSection(ProjectConfigurationPlatforms) = postSolution
		{23BBAB73-5A3B-4EE8-A757-A1F37C67AB1F}.Debug|Any CPU.ActiveCfg = Debug|Any CPU
		{23BBAB73-5A3B-4EE8-A757-A1F37C67AB1F}.Debug|Any CPU.Build.0 = Debug|Any CPU
		{23BBAB73-5A3B-4EE8-A757-A1F37C67AB1F}.Release|Any CPU.ActiveCfg = Release|Any CPU
		{23BBAB73-5A3B-4EE8-A757-A1F37C67AB1F}.Release|Any CPU.Build.0 = Release|Any CPU
		{1BC882EB-92D5-43DE-BB73-C910DCC78729}.Debug|Any CPU.ActiveCfg = Debug|Any CPU
		{1BC882EB-92D5-43DE-BB73-C910DCC78729}.Debug|Any CPU.Build.0 = Debug|Any CPU
		{1BC882EB-92D5-43DE-BB73-C910DCC78729}.Release|Any CPU.ActiveCfg = Release|Any CPU
		{1BC882EB-92D5-43DE-BB73-C910DCC78729}.Release|Any CPU.Build.0 = Release|Any CPU
		{40538D09-C695-48EE-890C-0DDFCCB362D9}.Debug|Any CPU.ActiveCfg = Debug|Any CPU
		{40538D09-C695-48EE-890C-0DDFCCB362D9}.Debug|Any CPU.Build.0 = Debug|Any CPU
		{40538D09-C695-48EE-890C-0DDFCCB362D9}.Release|Any CPU.ActiveCfg = Release|Any CPU
		{40538D09-C695-48EE-890C-0DDFCCB362D9}.Release|Any CPU.Build.0 = Release|Any CPU
	EndGlobalSection
	GlobalSection(SolutionProperties) = preSolution
		HideSolutionNode = FALSE
	EndGlobalSection
	GlobalSection(ExtensibilityGlobals) = postSolution
		SolutionGuid = {2C69724F-FF5C-4118-9A73-0886FD9FCF4F}
	EndGlobalSection
EndGlobal
