
Microsoft Visual Studio Solution File, Format Version 12.00
# Visual Studio Version 17
VisualStudioVersion = 17.1.32407.343
MinimumVisualStudioVersion = 10.0.40219.1
Project("{FAE04EC0-301F-11D3-BF4B-00C04F79EFBC}") = "Camber", "Camber\Camber.csproj", "{23BBAB73-5A3B-4EE8-A757-A1F37C67AB1F}"
EndProject
Project("{FAE04EC0-301F-11D3-BF4B-00C04F79EFBC}") = "CamberUI", "CamberUI\CamberUI.csproj", "{1BC882EB-92D5-43DE-BB73-C910DCC78729}"
EndProject
Global
	GlobalSection(SolutionConfigurationPlatforms) = preSolution
		Debug|Any CPU = Debug|Any CPU
		Debug2020|Any CPU = Debug2020|Any CPU
		Debug2021|Any CPU = Debug2021|Any CPU
		Debug2022|Any CPU = Debug2022|Any CPU
		Debug2023|Any CPU = Debug2023|Any CPU
		Release|Any CPU = Release|Any CPU
	EndGlobalSection
	GlobalSection(ProjectConfigurationPlatforms) = postSolution
		{23BBAB73-5A3B-4EE8-A757-A1F37C67AB1F}.Debug|Any CPU.ActiveCfg = Debug|Any CPU
		{23BBAB73-5A3B-4EE8-A757-A1F37C67AB1F}.Debug|Any CPU.Build.0 = Debug|Any CPU
		{23BBAB73-5A3B-4EE8-A757-A1F37C67AB1F}.Debug2020|Any CPU.ActiveCfg = Debug2020|Any CPU
		{23BBAB73-5A3B-4EE8-A757-A1F37C67AB1F}.Debug2020|Any CPU.Build.0 = Debug2020|Any CPU
		{23BBAB73-5A3B-4EE8-A757-A1F37C67AB1F}.Debug2021|Any CPU.ActiveCfg = Debug2021|Any CPU
		{23BBAB73-5A3B-4EE8-A757-A1F37C67AB1F}.Debug2021|Any CPU.Build.0 = Debug2021|Any CPU
		{23BBAB73-5A3B-4EE8-A757-A1F37C67AB1F}.Debug2022|Any CPU.ActiveCfg = Debug2022|Any CPU
		{23BBAB73-5A3B-4EE8-A757-A1F37C67AB1F}.Debug2022|Any CPU.Build.0 = Debug2022|Any CPU
		{23BBAB73-5A3B-4EE8-A757-A1F37C67AB1F}.Debug2023|Any CPU.ActiveCfg = Debug2023|Any CPU
		{23BBAB73-5A3B-4EE8-A757-A1F37C67AB1F}.Debug2023|Any CPU.Build.0 = Debug2023|Any CPU
		{23BBAB73-5A3B-4EE8-A757-A1F37C67AB1F}.Release|Any CPU.ActiveCfg = Debug|Any CPU
		{23BBAB73-5A3B-4EE8-A757-A1F37C67AB1F}.Release|Any CPU.Build.0 = Debug|Any CPU
		{1BC882EB-92D5-43DE-BB73-C910DCC78729}.Debug|Any CPU.ActiveCfg = Debug2022|Any CPU
		{1BC882EB-92D5-43DE-BB73-C910DCC78729}.Debug|Any CPU.Build.0 = Debug2022|Any CPU
		{1BC882EB-92D5-43DE-BB73-C910DCC78729}.Debug2020|Any CPU.ActiveCfg = Debug2020|Any CPU
		{1BC882EB-92D5-43DE-BB73-C910DCC78729}.Debug2020|Any CPU.Build.0 = Debug2020|Any CPU
		{1BC882EB-92D5-43DE-BB73-C910DCC78729}.Debug2021|Any CPU.ActiveCfg = Debug2021|Any CPU
		{1BC882EB-92D5-43DE-BB73-C910DCC78729}.Debug2021|Any CPU.Build.0 = Debug2021|Any CPU
		{1BC882EB-92D5-43DE-BB73-C910DCC78729}.Debug2022|Any CPU.ActiveCfg = Debug2022|Any CPU
		{1BC882EB-92D5-43DE-BB73-C910DCC78729}.Debug2022|Any CPU.Build.0 = Debug2022|Any CPU
		{1BC882EB-92D5-43DE-BB73-C910DCC78729}.Debug2023|Any CPU.ActiveCfg = Debug2023|Any CPU
		{1BC882EB-92D5-43DE-BB73-C910DCC78729}.Debug2023|Any CPU.Build.0 = Debug2023|Any CPU
		{1BC882EB-92D5-43DE-BB73-C910DCC78729}.Release|Any CPU.ActiveCfg = Release|Any CPU
		{1BC882EB-92D5-43DE-BB73-C910DCC78729}.Release|Any CPU.Build.0 = Release|Any CPU
	EndGlobalSection
	GlobalSection(SolutionProperties) = preSolution
		HideSolutionNode = FALSE
	EndGlobalSection
	GlobalSection(ExtensibilityGlobals) = postSolution
		SolutionGuid = {2C69724F-FF5C-4118-9A73-0886FD9FCF4F}
	EndGlobalSection
EndGlobal
